// !$*UTF8*$!
{
	archiveVersion = 1;
	classes = {
	};
	objectVersion = 55;
	objects = {

/* Begin PBXBuildFile section */
		36A4D4FE2846B70C00AAFCDE /* BayraktarEngineApp.swift in Sources */ = {isa = PBXBuildFile; fileRef = 36A4D4EE2846B70900AAFCDE /* BayraktarEngineApp.swift */; };
		36A4D4FF2846B70C00AAFCDE /* BayraktarEngineApp.swift in Sources */ = {isa = PBXBuildFile; fileRef = 36A4D4EE2846B70900AAFCDE /* BayraktarEngineApp.swift */; };
		36A4D5002846B70C00AAFCDE /* ContentView.swift in Sources */ = {isa = PBXBuildFile; fileRef = 36A4D4EF2846B70900AAFCDE /* ContentView.swift */; };
		36A4D5012846B70C00AAFCDE /* ContentView.swift in Sources */ = {isa = PBXBuildFile; fileRef = 36A4D4EF2846B70900AAFCDE /* ContentView.swift */; };
		36A4D50F2846BF7200AAFCDE /* MetalView.swift in Sources */ = {isa = PBXBuildFile; fileRef = 36A4D50E2846BF7200AAFCDE /* MetalView.swift */; };
		36A4D5102846BF7200AAFCDE /* MetalView.swift in Sources */ = {isa = PBXBuildFile; fileRef = 36A4D50E2846BF7200AAFCDE /* MetalView.swift */; };
		36A4D5132846C2CF00AAFCDE /* Mesh.swift in Sources */ = {isa = PBXBuildFile; fileRef = 36A4D5122846C2CF00AAFCDE /* Mesh.swift */; };
		36A4D5142846C2CF00AAFCDE /* Mesh.swift in Sources */ = {isa = PBXBuildFile; fileRef = 36A4D5122846C2CF00AAFCDE /* Mesh.swift */; };
		36A4D5162846C30400AAFCDE /* Submesh.swift in Sources */ = {isa = PBXBuildFile; fileRef = 36A4D5152846C30400AAFCDE /* Submesh.swift */; };
		36A4D5172846C30400AAFCDE /* Submesh.swift in Sources */ = {isa = PBXBuildFile; fileRef = 36A4D5152846C30400AAFCDE /* Submesh.swift */; };
		36A4D51A2846C4A200AAFCDE /* TextureController.swift in Sources */ = {isa = PBXBuildFile; fileRef = 36A4D5192846C4A200AAFCDE /* TextureController.swift */; };
		36A4D51B2846C4A200AAFCDE /* TextureController.swift in Sources */ = {isa = PBXBuildFile; fileRef = 36A4D5192846C4A200AAFCDE /* TextureController.swift */; };
		36A4D51E2846C63D00AAFCDE /* Logger.swift in Sources */ = {isa = PBXBuildFile; fileRef = 36A4D51D2846C63D00AAFCDE /* Logger.swift */; };
		36A4D51F2846C63D00AAFCDE /* Logger.swift in Sources */ = {isa = PBXBuildFile; fileRef = 36A4D51D2846C63D00AAFCDE /* Logger.swift */; };
		36A4D5222846CC9600AAFCDE /* Shaders.metal in Sources */ = {isa = PBXBuildFile; fileRef = 36A4D5212846CC9600AAFCDE /* Shaders.metal */; };
		36A4D5232846CC9600AAFCDE /* Shaders.metal in Sources */ = {isa = PBXBuildFile; fileRef = 36A4D5212846CC9600AAFCDE /* Shaders.metal */; };
		36A4D5272846CF1600AAFCDE /* Renderer.swift in Sources */ = {isa = PBXBuildFile; fileRef = 36A4D5262846CF1600AAFCDE /* Renderer.swift */; };
		36A4D5282846CF1600AAFCDE /* Renderer.swift in Sources */ = {isa = PBXBuildFile; fileRef = 36A4D5262846CF1600AAFCDE /* Renderer.swift */; };
		36A4D52B2846DAB800AAFCDE /* Model.swift in Sources */ = {isa = PBXBuildFile; fileRef = 36A4D52A2846DAB700AAFCDE /* Model.swift */; };
		36A4D52C2846DAB800AAFCDE /* Model.swift in Sources */ = {isa = PBXBuildFile; fileRef = 36A4D52A2846DAB700AAFCDE /* Model.swift */; };
		36A4D52E2846DAE900AAFCDE /* Transform.swift in Sources */ = {isa = PBXBuildFile; fileRef = 36A4D52D2846DAE900AAFCDE /* Transform.swift */; };
		36A4D52F2846DAEA00AAFCDE /* Transform.swift in Sources */ = {isa = PBXBuildFile; fileRef = 36A4D52D2846DAE900AAFCDE /* Transform.swift */; };
		36A4D5322846DB6400AAFCDE /* MathLibrary.swift in Sources */ = {isa = PBXBuildFile; fileRef = 36A4D5312846DB6400AAFCDE /* MathLibrary.swift */; };
		36A4D5332846DB6400AAFCDE /* MathLibrary.swift in Sources */ = {isa = PBXBuildFile; fileRef = 36A4D5312846DB6400AAFCDE /* MathLibrary.swift */; };
		36A4D5352846DCC000AAFCDE /* VertexDescriptor.swift in Sources */ = {isa = PBXBuildFile; fileRef = 36A4D5342846DCC000AAFCDE /* VertexDescriptor.swift */; };
		36A4D5362846DCC000AAFCDE /* VertexDescriptor.swift in Sources */ = {isa = PBXBuildFile; fileRef = 36A4D5342846DCC000AAFCDE /* VertexDescriptor.swift */; };
		36A4D5382846E0C100AAFCDE /* GameScene.swift in Sources */ = {isa = PBXBuildFile; fileRef = 36A4D5372846E0C100AAFCDE /* GameScene.swift */; };
		36A4D5392846E0C100AAFCDE /* GameScene.swift in Sources */ = {isa = PBXBuildFile; fileRef = 36A4D5372846E0C100AAFCDE /* GameScene.swift */; };
		36A4D53B2846E16A00AAFCDE /* FirstPersonCamera.swift in Sources */ = {isa = PBXBuildFile; fileRef = 36A4D53A2846E16A00AAFCDE /* FirstPersonCamera.swift */; };
		36A4D53C2846E16A00AAFCDE /* FirstPersonCamera.swift in Sources */ = {isa = PBXBuildFile; fileRef = 36A4D53A2846E16A00AAFCDE /* FirstPersonCamera.swift */; };
		36A4D53F2846E19100AAFCDE /* Camera.swift in Sources */ = {isa = PBXBuildFile; fileRef = 36A4D53E2846E19100AAFCDE /* Camera.swift */; };
		36A4D5402846E19100AAFCDE /* Camera.swift in Sources */ = {isa = PBXBuildFile; fileRef = 36A4D53E2846E19100AAFCDE /* Camera.swift */; };
		36A4D5432846E2F600AAFCDE /* Movement.swift in Sources */ = {isa = PBXBuildFile; fileRef = 36A4D5422846E2F600AAFCDE /* Movement.swift */; };
		36A4D5442846E2F600AAFCDE /* Movement.swift in Sources */ = {isa = PBXBuildFile; fileRef = 36A4D5422846E2F600AAFCDE /* Movement.swift */; };
		36A4D5462846E34C00AAFCDE /* InputController.swift in Sources */ = {isa = PBXBuildFile; fileRef = 36A4D5452846E34C00AAFCDE /* InputController.swift */; };
		36A4D5472846E34C00AAFCDE /* InputController.swift in Sources */ = {isa = PBXBuildFile; fileRef = 36A4D5452846E34C00AAFCDE /* InputController.swift */; };
		36A4D5492846E3ED00AAFCDE /* ArcballCamera.swift in Sources */ = {isa = PBXBuildFile; fileRef = 36A4D5482846E3ED00AAFCDE /* ArcballCamera.swift */; };
		36A4D54A2846E3ED00AAFCDE /* ArcballCamera.swift in Sources */ = {isa = PBXBuildFile; fileRef = 36A4D5482846E3ED00AAFCDE /* ArcballCamera.swift */; };
		36A4D54C2846E45000AAFCDE /* OrthographicCamera.swift in Sources */ = {isa = PBXBuildFile; fileRef = 36A4D54B2846E45000AAFCDE /* OrthographicCamera.swift */; };
		36A4D54D2846E45000AAFCDE /* OrthographicCamera.swift in Sources */ = {isa = PBXBuildFile; fileRef = 36A4D54B2846E45000AAFCDE /* OrthographicCamera.swift */; };
		36A4D5502846E71A00AAFCDE /* Options.swift in Sources */ = {isa = PBXBuildFile; fileRef = 36A4D54F2846E71A00AAFCDE /* Options.swift */; };
		36A4D5512846E71A00AAFCDE /* Options.swift in Sources */ = {isa = PBXBuildFile; fileRef = 36A4D54F2846E71A00AAFCDE /* Options.swift */; };
		36A4D6A52846F8E400AAFCDE /* Ukrainian_Z_BTR.obj in Resources */ = {isa = PBXBuildFile; fileRef = 36A4D6952846F8E400AAFCDE /* Ukrainian_Z_BTR.obj */; };
		36A4D6A62846F8E400AAFCDE /* Ukrainian_Z_BTR.obj in Resources */ = {isa = PBXBuildFile; fileRef = 36A4D6952846F8E400AAFCDE /* Ukrainian_Z_BTR.obj */; };
		36A4D6A72846F8E400AAFCDE /* FloorAlpha.png in Resources */ = {isa = PBXBuildFile; fileRef = 36A4D6962846F8E400AAFCDE /* FloorAlpha.png */; };
		36A4D6A82846F8E400AAFCDE /* FloorAlpha.png in Resources */ = {isa = PBXBuildFile; fileRef = 36A4D6962846F8E400AAFCDE /* FloorAlpha.png */; };
		36A4D6A92846F8E400AAFCDE /* Eyes_Shadow.png in Resources */ = {isa = PBXBuildFile; fileRef = 36A4D6972846F8E400AAFCDE /* Eyes_Shadow.png */; };
		36A4D6AA2846F8E400AAFCDE /* Eyes_Shadow.png in Resources */ = {isa = PBXBuildFile; fileRef = 36A4D6972846F8E400AAFCDE /* Eyes_Shadow.png */; };
		36A4D6AB2846F8E400AAFCDE /* Dude.png in Resources */ = {isa = PBXBuildFile; fileRef = 36A4D6982846F8E400AAFCDE /* Dude.png */; };
		36A4D6AC2846F8E400AAFCDE /* Dude.png in Resources */ = {isa = PBXBuildFile; fileRef = 36A4D6982846F8E400AAFCDE /* Dude.png */; };
		36A4D6AD2846F8E400AAFCDE /* Floor.png in Resources */ = {isa = PBXBuildFile; fileRef = 36A4D6992846F8E400AAFCDE /* Floor.png */; };
		36A4D6AE2846F8E400AAFCDE /* Floor.png in Resources */ = {isa = PBXBuildFile; fileRef = 36A4D6992846F8E400AAFCDE /* Floor.png */; };
		36A4D6AF2846F8E400AAFCDE /* Ukrainian_Z_BTR.mtl in Resources */ = {isa = PBXBuildFile; fileRef = 36A4D69A2846F8E400AAFCDE /* Ukrainian_Z_BTR.mtl */; };
		36A4D6B02846F8E400AAFCDE /* Ukrainian_Z_BTR.mtl in Resources */ = {isa = PBXBuildFile; fileRef = 36A4D69A2846F8E400AAFCDE /* Ukrainian_Z_BTR.mtl */; };
		36A4D6B12846F8E400AAFCDE /* BTR.png in Resources */ = {isa = PBXBuildFile; fileRef = 36A4D69B2846F8E400AAFCDE /* BTR.png */; };
		36A4D6B22846F8E400AAFCDE /* BTR.png in Resources */ = {isa = PBXBuildFile; fileRef = 36A4D69B2846F8E400AAFCDE /* BTR.png */; };
		36A4D6B32846F8E400AAFCDE /* plane.obj in Resources */ = {isa = PBXBuildFile; fileRef = 36A4D69D2846F8E400AAFCDE /* plane.obj */; };
		36A4D6B42846F8E400AAFCDE /* plane.obj in Resources */ = {isa = PBXBuildFile; fileRef = 36A4D69D2846F8E400AAFCDE /* plane.obj */; };
		36A4D6B52846F8E400AAFCDE /* plane.mtl in Resources */ = {isa = PBXBuildFile; fileRef = 36A4D69E2846F8E400AAFCDE /* plane.mtl */; };
		36A4D6B62846F8E400AAFCDE /* plane.mtl in Resources */ = {isa = PBXBuildFile; fileRef = 36A4D69E2846F8E400AAFCDE /* plane.mtl */; };
		36A4D6B72846F8E400AAFCDE /* ground.png in Resources */ = {isa = PBXBuildFile; fileRef = 36A4D69F2846F8E400AAFCDE /* ground.png */; };
		36A4D6B82846F8E400AAFCDE /* ground.png in Resources */ = {isa = PBXBuildFile; fileRef = 36A4D69F2846F8E400AAFCDE /* ground.png */; };
		36A4D6B92846F8E400AAFCDE /* obamium.mtl in Resources */ = {isa = PBXBuildFile; fileRef = 36A4D6A12846F8E400AAFCDE /* obamium.mtl */; };
		36A4D6BA2846F8E400AAFCDE /* obamium.mtl in Resources */ = {isa = PBXBuildFile; fileRef = 36A4D6A12846F8E400AAFCDE /* obamium.mtl */; };
		36A4D6BB2846F8E400AAFCDE /* base.png in Resources */ = {isa = PBXBuildFile; fileRef = 36A4D6A22846F8E400AAFCDE /* base.png */; };
		36A4D6BC2846F8E400AAFCDE /* base.png in Resources */ = {isa = PBXBuildFile; fileRef = 36A4D6A22846F8E400AAFCDE /* base.png */; };
		36A4D6BD2846F8E400AAFCDE /* obamium.obj in Resources */ = {isa = PBXBuildFile; fileRef = 36A4D6A32846F8E400AAFCDE /* obamium.obj */; };
		36A4D6BE2846F8E400AAFCDE /* obamium.obj in Resources */ = {isa = PBXBuildFile; fileRef = 36A4D6A32846F8E400AAFCDE /* obamium.obj */; };
		36A4D6C32846F92300AAFCDE /* lowpoly-house-color.png in Resources */ = {isa = PBXBuildFile; fileRef = 36A4D6C02846F92300AAFCDE /* lowpoly-house-color.png */; };
		36A4D6C42846F92300AAFCDE /* lowpoly-house-color.png in Resources */ = {isa = PBXBuildFile; fileRef = 36A4D6C02846F92300AAFCDE /* lowpoly-house-color.png */; };
		36A4D6C52846F92300AAFCDE /* lowpoly-house.obj in Resources */ = {isa = PBXBuildFile; fileRef = 36A4D6C12846F92300AAFCDE /* lowpoly-house.obj */; };
		36A4D6C62846F92300AAFCDE /* lowpoly-house.obj in Resources */ = {isa = PBXBuildFile; fileRef = 36A4D6C12846F92300AAFCDE /* lowpoly-house.obj */; };
		36A4D6C72846F92300AAFCDE /* lowpoly-house.mtl in Resources */ = {isa = PBXBuildFile; fileRef = 36A4D6C22846F92300AAFCDE /* lowpoly-house.mtl */; };
		36A4D6C82846F92300AAFCDE /* lowpoly-house.mtl in Resources */ = {isa = PBXBuildFile; fileRef = 36A4D6C22846F92300AAFCDE /* lowpoly-house.mtl */; };
/* End PBXBuildFile section */

/* Begin PBXFileReference section */
		36A4D4EE2846B70900AAFCDE /* BayraktarEngineApp.swift */ = {isa = PBXFileReference; lastKnownFileType = sourcecode.swift; path = BayraktarEngineApp.swift; sourceTree = "<group>"; };
		36A4D4EF2846B70900AAFCDE /* ContentView.swift */ = {isa = PBXFileReference; lastKnownFileType = sourcecode.swift; path = ContentView.swift; sourceTree = "<group>"; };
		36A4D4F52846B70C00AAFCDE /* BayraktarEngine.app */ = {isa = PBXFileReference; explicitFileType = wrapper.application; includeInIndex = 0; path = BayraktarEngine.app; sourceTree = BUILT_PRODUCTS_DIR; };
		36A4D4FB2846B70C00AAFCDE /* BayraktarEngine.app */ = {isa = PBXFileReference; explicitFileType = wrapper.application; includeInIndex = 0; path = BayraktarEngine.app; sourceTree = BUILT_PRODUCTS_DIR; };
		36A4D4FD2846B70C00AAFCDE /* macOS.entitlements */ = {isa = PBXFileReference; lastKnownFileType = text.plist.entitlements; path = macOS.entitlements; sourceTree = "<group>"; };
		36A4D50E2846BF7200AAFCDE /* MetalView.swift */ = {isa = PBXFileReference; lastKnownFileType = sourcecode.swift; path = MetalView.swift; sourceTree = "<group>"; };
		36A4D5122846C2CF00AAFCDE /* Mesh.swift */ = {isa = PBXFileReference; lastKnownFileType = sourcecode.swift; path = Mesh.swift; sourceTree = "<group>"; };
		36A4D5152846C30400AAFCDE /* Submesh.swift */ = {isa = PBXFileReference; lastKnownFileType = sourcecode.swift; path = Submesh.swift; sourceTree = "<group>"; };
		36A4D5192846C4A200AAFCDE /* TextureController.swift */ = {isa = PBXFileReference; lastKnownFileType = sourcecode.swift; path = TextureController.swift; sourceTree = "<group>"; };
		36A4D51D2846C63D00AAFCDE /* Logger.swift */ = {isa = PBXFileReference; lastKnownFileType = sourcecode.swift; path = Logger.swift; sourceTree = "<group>"; };
		36A4D5212846CC9600AAFCDE /* Shaders.metal */ = {isa = PBXFileReference; lastKnownFileType = sourcecode.metal; path = Shaders.metal; sourceTree = "<group>"; };
		36A4D5252846CCB600AAFCDE /* Common.h */ = {isa = PBXFileReference; lastKnownFileType = sourcecode.c.h; path = Common.h; sourceTree = "<group>"; };
		36A4D5262846CF1600AAFCDE /* Renderer.swift */ = {isa = PBXFileReference; lastKnownFileType = sourcecode.swift; path = Renderer.swift; sourceTree = "<group>"; };
		36A4D52A2846DAB700AAFCDE /* Model.swift */ = {isa = PBXFileReference; lastKnownFileType = sourcecode.swift; path = Model.swift; sourceTree = "<group>"; };
		36A4D52D2846DAE900AAFCDE /* Transform.swift */ = {isa = PBXFileReference; lastKnownFileType = sourcecode.swift; path = Transform.swift; sourceTree = "<group>"; };
		36A4D5312846DB6400AAFCDE /* MathLibrary.swift */ = {isa = PBXFileReference; lastKnownFileType = sourcecode.swift; path = MathLibrary.swift; sourceTree = "<group>"; };
		36A4D5342846DCC000AAFCDE /* VertexDescriptor.swift */ = {isa = PBXFileReference; lastKnownFileType = sourcecode.swift; path = VertexDescriptor.swift; sourceTree = "<group>"; };
		36A4D5372846E0C100AAFCDE /* GameScene.swift */ = {isa = PBXFileReference; lastKnownFileType = sourcecode.swift; path = GameScene.swift; sourceTree = "<group>"; };
		36A4D53A2846E16A00AAFCDE /* FirstPersonCamera.swift */ = {isa = PBXFileReference; lastKnownFileType = sourcecode.swift; path = FirstPersonCamera.swift; sourceTree = "<group>"; };
		36A4D53E2846E19100AAFCDE /* Camera.swift */ = {isa = PBXFileReference; lastKnownFileType = sourcecode.swift; path = Camera.swift; sourceTree = "<group>"; };
		36A4D5422846E2F600AAFCDE /* Movement.swift */ = {isa = PBXFileReference; lastKnownFileType = sourcecode.swift; path = Movement.swift; sourceTree = "<group>"; };
		36A4D5452846E34C00AAFCDE /* InputController.swift */ = {isa = PBXFileReference; lastKnownFileType = sourcecode.swift; path = InputController.swift; sourceTree = "<group>"; };
		36A4D5482846E3ED00AAFCDE /* ArcballCamera.swift */ = {isa = PBXFileReference; lastKnownFileType = sourcecode.swift; path = ArcballCamera.swift; sourceTree = "<group>"; };
		36A4D54B2846E45000AAFCDE /* OrthographicCamera.swift */ = {isa = PBXFileReference; lastKnownFileType = sourcecode.swift; path = OrthographicCamera.swift; sourceTree = "<group>"; };
		36A4D54F2846E71A00AAFCDE /* Options.swift */ = {isa = PBXFileReference; lastKnownFileType = sourcecode.swift; path = Options.swift; sourceTree = "<group>"; };
		36A4D6952846F8E400AAFCDE /* Ukrainian_Z_BTR.obj */ = {isa = PBXFileReference; fileEncoding = 4; lastKnownFileType = text; path = Ukrainian_Z_BTR.obj; sourceTree = "<group>"; };
		36A4D6962846F8E400AAFCDE /* FloorAlpha.png */ = {isa = PBXFileReference; lastKnownFileType = image.png; path = FloorAlpha.png; sourceTree = "<group>"; };
		36A4D6972846F8E400AAFCDE /* Eyes_Shadow.png */ = {isa = PBXFileReference; lastKnownFileType = image.png; path = Eyes_Shadow.png; sourceTree = "<group>"; };
		36A4D6982846F8E400AAFCDE /* Dude.png */ = {isa = PBXFileReference; lastKnownFileType = image.png; path = Dude.png; sourceTree = "<group>"; };
		36A4D6992846F8E400AAFCDE /* Floor.png */ = {isa = PBXFileReference; lastKnownFileType = image.png; path = Floor.png; sourceTree = "<group>"; };
		36A4D69A2846F8E400AAFCDE /* Ukrainian_Z_BTR.mtl */ = {isa = PBXFileReference; fileEncoding = 4; lastKnownFileType = text; path = Ukrainian_Z_BTR.mtl; sourceTree = "<group>"; };
		36A4D69B2846F8E400AAFCDE /* BTR.png */ = {isa = PBXFileReference; lastKnownFileType = image.png; path = BTR.png; sourceTree = "<group>"; };
		36A4D69D2846F8E400AAFCDE /* plane.obj */ = {isa = PBXFileReference; fileEncoding = 4; lastKnownFileType = text; path = plane.obj; sourceTree = "<group>"; };
		36A4D69E2846F8E400AAFCDE /* plane.mtl */ = {isa = PBXFileReference; fileEncoding = 4; lastKnownFileType = text; path = plane.mtl; sourceTree = "<group>"; };
		36A4D69F2846F8E400AAFCDE /* ground.png */ = {isa = PBXFileReference; lastKnownFileType = image.png; path = ground.png; sourceTree = "<group>"; };
		36A4D6A12846F8E400AAFCDE /* obamium.mtl */ = {isa = PBXFileReference; fileEncoding = 4; lastKnownFileType = text; path = obamium.mtl; sourceTree = "<group>"; };
		36A4D6A22846F8E400AAFCDE /* base.png */ = {isa = PBXFileReference; lastKnownFileType = image.png; path = base.png; sourceTree = "<group>"; };
		36A4D6A32846F8E400AAFCDE /* obamium.obj */ = {isa = PBXFileReference; fileEncoding = 4; lastKnownFileType = text; path = obamium.obj; sourceTree = "<group>"; };
		36A4D6C02846F92300AAFCDE /* lowpoly-house-color.png */ = {isa = PBXFileReference; lastKnownFileType = image.png; path = "lowpoly-house-color.png"; sourceTree = "<group>"; };
		36A4D6C12846F92300AAFCDE /* lowpoly-house.obj */ = {isa = PBXFileReference; fileEncoding = 4; lastKnownFileType = text; path = "lowpoly-house.obj"; sourceTree = "<group>"; };
		36A4D6C22846F92300AAFCDE /* lowpoly-house.mtl */ = {isa = PBXFileReference; fileEncoding = 4; lastKnownFileType = text; path = "lowpoly-house.mtl"; sourceTree = "<group>"; };
/* End PBXFileReference section */

/* Begin PBXFrameworksBuildPhase section */
		36A4D4F22846B70C00AAFCDE /* Frameworks */ = {
			isa = PBXFrameworksBuildPhase;
			buildActionMask = 2147483647;
			files = (
			);
			runOnlyForDeploymentPostprocessing = 0;
		};
		36A4D4F82846B70C00AAFCDE /* Frameworks */ = {
			isa = PBXFrameworksBuildPhase;
			buildActionMask = 2147483647;
			files = (
			);
			runOnlyForDeploymentPostprocessing = 0;
		};
/* End PBXFrameworksBuildPhase section */

/* Begin PBXGroup section */
		36A4D4E82846B70900AAFCDE = {
			isa = PBXGroup;
			children = (
				36A4D5562846ECBA00AAFCDE /* Assets */,
				36A4D5552846EC9100AAFCDE /* Platform */,
				36A4D50D2846BF4F00AAFCDE /* Code */,
				36A4D4F62846B70C00AAFCDE /* Products */,
			);
			sourceTree = "<group>";
		};
		36A4D4F62846B70C00AAFCDE /* Products */ = {
			isa = PBXGroup;
			children = (
				36A4D4F52846B70C00AAFCDE /* BayraktarEngine.app */,
				36A4D4FB2846B70C00AAFCDE /* BayraktarEngine.app */,
			);
			name = Products;
			sourceTree = "<group>";
		};
		36A4D4FC2846B70C00AAFCDE /* macOS */ = {
			isa = PBXGroup;
			children = (
				36A4D4FD2846B70C00AAFCDE /* macOS.entitlements */,
			);
			path = macOS;
			sourceTree = "<group>";
		};
		36A4D50C2846BF1700AAFCDE /* SwiftUI Views */ = {
			isa = PBXGroup;
			children = (
				36A4D4EF2846B70900AAFCDE /* ContentView.swift */,
				36A4D4EE2846B70900AAFCDE /* BayraktarEngineApp.swift */,
				36A4D50E2846BF7200AAFCDE /* MetalView.swift */,
				36A4D54F2846E71A00AAFCDE /* Options.swift */,
			);
			path = "SwiftUI Views";
			sourceTree = "<group>";
		};
		36A4D50D2846BF4F00AAFCDE /* Code */ = {
			isa = PBXGroup;
			children = (
				36A4D5372846E0C100AAFCDE /* GameScene.swift */,
				36A4D5412846E2DF00AAFCDE /* Bases */,
				36A4D5302846DB4900AAFCDE /* Utility */,
				36A4D5292846DAAB00AAFCDE /* Components */,
				36A4D5242846CCA400AAFCDE /* Common */,
				36A4D5202846CC7B00AAFCDE /* Shaders */,
				36A4D51C2846C62B00AAFCDE /* Logger */,
				36A4D5182846C48C00AAFCDE /* Controllers */,
				36A4D5112846C2B600AAFCDE /* Render */,
			);
			path = Code;
			sourceTree = "<group>";
		};
		36A4D5112846C2B600AAFCDE /* Render */ = {
			isa = PBXGroup;
			children = (
				36A4D5122846C2CF00AAFCDE /* Mesh.swift */,
				36A4D5152846C30400AAFCDE /* Submesh.swift */,
				36A4D5262846CF1600AAFCDE /* Renderer.swift */,
				36A4D5342846DCC000AAFCDE /* VertexDescriptor.swift */,
			);
			path = Render;
			sourceTree = "<group>";
		};
		36A4D5182846C48C00AAFCDE /* Controllers */ = {
			isa = PBXGroup;
			children = (
				36A4D5192846C4A200AAFCDE /* TextureController.swift */,
				36A4D5452846E34C00AAFCDE /* InputController.swift */,
			);
			path = Controllers;
			sourceTree = "<group>";
		};
		36A4D51C2846C62B00AAFCDE /* Logger */ = {
			isa = PBXGroup;
			children = (
				36A4D51D2846C63D00AAFCDE /* Logger.swift */,
			);
			path = Logger;
			sourceTree = "<group>";
		};
		36A4D5202846CC7B00AAFCDE /* Shaders */ = {
			isa = PBXGroup;
			children = (
				36A4D5212846CC9600AAFCDE /* Shaders.metal */,
			);
			path = Shaders;
			sourceTree = "<group>";
		};
		36A4D5242846CCA400AAFCDE /* Common */ = {
			isa = PBXGroup;
			children = (
				36A4D5252846CCB600AAFCDE /* Common.h */,
			);
			path = Common;
			sourceTree = "<group>";
		};
		36A4D5292846DAAB00AAFCDE /* Components */ = {
			isa = PBXGroup;
			children = (
				36A4D54E2846E45400AAFCDE /* Cameras */,
				36A4D52A2846DAB700AAFCDE /* Model.swift */,
			);
			path = Components;
			sourceTree = "<group>";
		};
		36A4D5302846DB4900AAFCDE /* Utility */ = {
			isa = PBXGroup;
			children = (
				36A4D5312846DB6400AAFCDE /* MathLibrary.swift */,
			);
			path = Utility;
			sourceTree = "<group>";
		};
		36A4D5412846E2DF00AAFCDE /* Bases */ = {
			isa = PBXGroup;
			children = (
				36A4D52D2846DAE900AAFCDE /* Transform.swift */,
				36A4D53E2846E19100AAFCDE /* Camera.swift */,
				36A4D5422846E2F600AAFCDE /* Movement.swift */,
			);
			path = Bases;
			sourceTree = "<group>";
		};
		36A4D54E2846E45400AAFCDE /* Cameras */ = {
			isa = PBXGroup;
			children = (
				36A4D54B2846E45000AAFCDE /* OrthographicCamera.swift */,
				36A4D5482846E3ED00AAFCDE /* ArcballCamera.swift */,
				36A4D53A2846E16A00AAFCDE /* FirstPersonCamera.swift */,
			);
			path = Cameras;
			sourceTree = "<group>";
		};
		36A4D5552846EC9100AAFCDE /* Platform */ = {
			isa = PBXGroup;
			children = (
				36A4D4FC2846B70C00AAFCDE /* macOS */,
				36A4D50C2846BF1700AAFCDE /* SwiftUI Views */,
			);
			path = Platform;
			sourceTree = "<group>";
		};
		36A4D5562846ECBA00AAFCDE /* Assets */ = {
			isa = PBXGroup;
			children = (
				36A4D6932846F8E400AAFCDE /* Models */,
			);
			path = Assets;
			sourceTree = "<group>";
		};
		36A4D6932846F8E400AAFCDE /* Models */ = {
			isa = PBXGroup;
			children = (
				36A4D6BF2846F92300AAFCDE /* LowPolyHouse */,
				36A4D6942846F8E400AAFCDE /* Ukraine */,
				36A4D69C2846F8E400AAFCDE /* Ground */,
				36A4D6A02846F8E400AAFCDE /* Obamium */,
			);
			path = Models;
			sourceTree = "<group>";
		};
		36A4D6942846F8E400AAFCDE /* Ukraine */ = {
			isa = PBXGroup;
			children = (
				36A4D6952846F8E400AAFCDE /* Ukrainian_Z_BTR.obj */,
				36A4D6962846F8E400AAFCDE /* FloorAlpha.png */,
				36A4D6972846F8E400AAFCDE /* Eyes_Shadow.png */,
				36A4D6982846F8E400AAFCDE /* Dude.png */,
				36A4D6992846F8E400AAFCDE /* Floor.png */,
				36A4D69A2846F8E400AAFCDE /* Ukrainian_Z_BTR.mtl */,
				36A4D69B2846F8E400AAFCDE /* BTR.png */,
			);
			path = Ukraine;
			sourceTree = "<group>";
		};
		36A4D69C2846F8E400AAFCDE /* Ground */ = {
			isa = PBXGroup;
			children = (
				36A4D69D2846F8E400AAFCDE /* plane.obj */,
				36A4D69E2846F8E400AAFCDE /* plane.mtl */,
				36A4D69F2846F8E400AAFCDE /* ground.png */,
			);
			path = Ground;
			sourceTree = "<group>";
		};
		36A4D6A02846F8E400AAFCDE /* Obamium */ = {
			isa = PBXGroup;
			children = (
				36A4D6A12846F8E400AAFCDE /* obamium.mtl */,
				36A4D6A22846F8E400AAFCDE /* base.png */,
				36A4D6A32846F8E400AAFCDE /* obamium.obj */,
			);
			path = Obamium;
			sourceTree = "<group>";
		};
		36A4D6BF2846F92300AAFCDE /* LowPolyHouse */ = {
			isa = PBXGroup;
			children = (
				36A4D6C02846F92300AAFCDE /* lowpoly-house-color.png */,
				36A4D6C12846F92300AAFCDE /* lowpoly-house.obj */,
				36A4D6C22846F92300AAFCDE /* lowpoly-house.mtl */,
			);
			name = LowPolyHouse;
			path = "../../../../met-materials-editions-3.0/08-textures/projects/final/Textures/Shared/Models/LowPolyHouse";
			sourceTree = "<group>";
		};
/* End PBXGroup section */

/* Begin PBXNativeTarget section */
		36A4D4F42846B70C00AAFCDE /* BayraktarEngine (iOS) */ = {
			isa = PBXNativeTarget;
			buildConfigurationList = 36A4D5062846B70C00AAFCDE /* Build configuration list for PBXNativeTarget "BayraktarEngine (iOS)" */;
			buildPhases = (
				36A4D4F12846B70C00AAFCDE /* Sources */,
				36A4D4F22846B70C00AAFCDE /* Frameworks */,
				36A4D4F32846B70C00AAFCDE /* Resources */,
			);
			buildRules = (
			);
			dependencies = (
			);
			name = "BayraktarEngine (iOS)";
			productName = "BayraktarEngine (iOS)";
			productReference = 36A4D4F52846B70C00AAFCDE /* BayraktarEngine.app */;
			productType = "com.apple.product-type.application";
		};
		36A4D4FA2846B70C00AAFCDE /* BayraktarEngine (macOS) */ = {
			isa = PBXNativeTarget;
			buildConfigurationList = 36A4D5092846B70C00AAFCDE /* Build configuration list for PBXNativeTarget "BayraktarEngine (macOS)" */;
			buildPhases = (
				36A4D4F72846B70C00AAFCDE /* Sources */,
				36A4D4F82846B70C00AAFCDE /* Frameworks */,
				36A4D4F92846B70C00AAFCDE /* Resources */,
			);
			buildRules = (
			);
			dependencies = (
			);
			name = "BayraktarEngine (macOS)";
			productName = "BayraktarEngine (macOS)";
			productReference = 36A4D4FB2846B70C00AAFCDE /* BayraktarEngine.app */;
			productType = "com.apple.product-type.application";
		};
/* End PBXNativeTarget section */

/* Begin PBXProject section */
		36A4D4E92846B70900AAFCDE /* Project object */ = {
			isa = PBXProject;
			attributes = {
				BuildIndependentTargetsInParallel = 1;
				LastSwiftUpdateCheck = 1340;
				LastUpgradeCheck = 1340;
				TargetAttributes = {
					36A4D4F42846B70C00AAFCDE = {
						CreatedOnToolsVersion = 13.4;
					};
					36A4D4FA2846B70C00AAFCDE = {
						CreatedOnToolsVersion = 13.4;
					};
				};
			};
			buildConfigurationList = 36A4D4EC2846B70900AAFCDE /* Build configuration list for PBXProject "BayraktarEngine" */;
			compatibilityVersion = "Xcode 13.0";
			developmentRegion = en;
			hasScannedForEncodings = 0;
			knownRegions = (
				en,
				Base,
			);
			mainGroup = 36A4D4E82846B70900AAFCDE;
			productRefGroup = 36A4D4F62846B70C00AAFCDE /* Products */;
			projectDirPath = "";
			projectRoot = "";
			targets = (
				36A4D4F42846B70C00AAFCDE /* BayraktarEngine (iOS) */,
				36A4D4FA2846B70C00AAFCDE /* BayraktarEngine (macOS) */,
			);
		};
/* End PBXProject section */

/* Begin PBXResourcesBuildPhase section */
		36A4D4F32846B70C00AAFCDE /* Resources */ = {
			isa = PBXResourcesBuildPhase;
			buildActionMask = 2147483647;
			files = (
				36A4D6BD2846F8E400AAFCDE /* obamium.obj in Resources */,
				36A4D6C32846F92300AAFCDE /* lowpoly-house-color.png in Resources */,
				36A4D6AD2846F8E400AAFCDE /* Floor.png in Resources */,
				36A4D6C72846F92300AAFCDE /* lowpoly-house.mtl in Resources */,
				36A4D6A92846F8E400AAFCDE /* Eyes_Shadow.png in Resources */,
				36A4D6BB2846F8E400AAFCDE /* base.png in Resources */,
				36A4D6B32846F8E400AAFCDE /* plane.obj in Resources */,
				36A4D6AF2846F8E400AAFCDE /* Ukrainian_Z_BTR.mtl in Resources */,
				36A4D6C52846F92300AAFCDE /* lowpoly-house.obj in Resources */,
				36A4D6B72846F8E400AAFCDE /* ground.png in Resources */,
				36A4D6AB2846F8E400AAFCDE /* Dude.png in Resources */,
				36A4D6B52846F8E400AAFCDE /* plane.mtl in Resources */,
				36A4D6A52846F8E400AAFCDE /* Ukrainian_Z_BTR.obj in Resources */,
				36A4D6B12846F8E400AAFCDE /* BTR.png in Resources */,
				36A4D6B92846F8E400AAFCDE /* obamium.mtl in Resources */,
				36A4D6A72846F8E400AAFCDE /* FloorAlpha.png in Resources */,
			);
			runOnlyForDeploymentPostprocessing = 0;
		};
		36A4D4F92846B70C00AAFCDE /* Resources */ = {
			isa = PBXResourcesBuildPhase;
			buildActionMask = 2147483647;
			files = (
				36A4D6BE2846F8E400AAFCDE /* obamium.obj in Resources */,
				36A4D6C42846F92300AAFCDE /* lowpoly-house-color.png in Resources */,
				36A4D6AE2846F8E400AAFCDE /* Floor.png in Resources */,
				36A4D6C82846F92300AAFCDE /* lowpoly-house.mtl in Resources */,
				36A4D6AA2846F8E400AAFCDE /* Eyes_Shadow.png in Resources */,
				36A4D6BC2846F8E400AAFCDE /* base.png in Resources */,
				36A4D6B42846F8E400AAFCDE /* plane.obj in Resources */,
				36A4D6B02846F8E400AAFCDE /* Ukrainian_Z_BTR.mtl in Resources */,
				36A4D6C62846F92300AAFCDE /* lowpoly-house.obj in Resources */,
				36A4D6B82846F8E400AAFCDE /* ground.png in Resources */,
				36A4D6AC2846F8E400AAFCDE /* Dude.png in Resources */,
				36A4D6B62846F8E400AAFCDE /* plane.mtl in Resources */,
				36A4D6A62846F8E400AAFCDE /* Ukrainian_Z_BTR.obj in Resources */,
				36A4D6B22846F8E400AAFCDE /* BTR.png in Resources */,
				36A4D6BA2846F8E400AAFCDE /* obamium.mtl in Resources */,
				36A4D6A82846F8E400AAFCDE /* FloorAlpha.png in Resources */,
			);
			runOnlyForDeploymentPostprocessing = 0;
		};
/* End PBXResourcesBuildPhase section */

/* Begin PBXSourcesBuildPhase section */
		36A4D4F12846B70C00AAFCDE /* Sources */ = {
			isa = PBXSourcesBuildPhase;
			buildActionMask = 2147483647;
			files = (
				36A4D53F2846E19100AAFCDE /* Camera.swift in Sources */,
				36A4D52E2846DAE900AAFCDE /* Transform.swift in Sources */,
				36A4D5222846CC9600AAFCDE /* Shaders.metal in Sources */,
				36A4D5492846E3ED00AAFCDE /* ArcballCamera.swift in Sources */,
				36A4D50F2846BF7200AAFCDE /* MetalView.swift in Sources */,
				36A4D5002846B70C00AAFCDE /* ContentView.swift in Sources */,
				36A4D54C2846E45000AAFCDE /* OrthographicCamera.swift in Sources */,
				36A4D5352846DCC000AAFCDE /* VertexDescriptor.swift in Sources */,
				36A4D5462846E34C00AAFCDE /* InputController.swift in Sources */,
				36A4D5162846C30400AAFCDE /* Submesh.swift in Sources */,
				36A4D51A2846C4A200AAFCDE /* TextureController.swift in Sources */,
				36A4D52B2846DAB800AAFCDE /* Model.swift in Sources */,
				36A4D51E2846C63D00AAFCDE /* Logger.swift in Sources */,
				36A4D5502846E71A00AAFCDE /* Options.swift in Sources */,
				36A4D5132846C2CF00AAFCDE /* Mesh.swift in Sources */,
				36A4D5272846CF1600AAFCDE /* Renderer.swift in Sources */,
				36A4D4FE2846B70C00AAFCDE /* BayraktarEngineApp.swift in Sources */,
				36A4D5382846E0C100AAFCDE /* GameScene.swift in Sources */,
				36A4D5322846DB6400AAFCDE /* MathLibrary.swift in Sources */,
				36A4D5432846E2F600AAFCDE /* Movement.swift in Sources */,
				36A4D53B2846E16A00AAFCDE /* FirstPersonCamera.swift in Sources */,
			);
			runOnlyForDeploymentPostprocessing = 0;
		};
		36A4D4F72846B70C00AAFCDE /* Sources */ = {
			isa = PBXSourcesBuildPhase;
			buildActionMask = 2147483647;
			files = (
				36A4D5402846E19100AAFCDE /* Camera.swift in Sources */,
				36A4D52F2846DAEA00AAFCDE /* Transform.swift in Sources */,
				36A4D5232846CC9600AAFCDE /* Shaders.metal in Sources */,
				36A4D54A2846E3ED00AAFCDE /* ArcballCamera.swift in Sources */,
				36A4D5102846BF7200AAFCDE /* MetalView.swift in Sources */,
				36A4D5012846B70C00AAFCDE /* ContentView.swift in Sources */,
				36A4D54D2846E45000AAFCDE /* OrthographicCamera.swift in Sources */,
				36A4D5362846DCC000AAFCDE /* VertexDescriptor.swift in Sources */,
				36A4D5472846E34C00AAFCDE /* InputController.swift in Sources */,
				36A4D5172846C30400AAFCDE /* Submesh.swift in Sources */,
				36A4D51B2846C4A200AAFCDE /* TextureController.swift in Sources */,
				36A4D52C2846DAB800AAFCDE /* Model.swift in Sources */,
				36A4D51F2846C63D00AAFCDE /* Logger.swift in Sources */,
				36A4D5512846E71A00AAFCDE /* Options.swift in Sources */,
				36A4D5142846C2CF00AAFCDE /* Mesh.swift in Sources */,
				36A4D5282846CF1600AAFCDE /* Renderer.swift in Sources */,
				36A4D4FF2846B70C00AAFCDE /* BayraktarEngineApp.swift in Sources */,
				36A4D5392846E0C100AAFCDE /* GameScene.swift in Sources */,
				36A4D5332846DB6400AAFCDE /* MathLibrary.swift in Sources */,
				36A4D5442846E2F600AAFCDE /* Movement.swift in Sources */,
				36A4D53C2846E16A00AAFCDE /* FirstPersonCamera.swift in Sources */,
			);
			runOnlyForDeploymentPostprocessing = 0;
		};
/* End PBXSourcesBuildPhase section */

/* Begin XCBuildConfiguration section */
		36A4D5042846B70C00AAFCDE /* Debug */ = {
			isa = XCBuildConfiguration;
			buildSettings = {
				ALWAYS_SEARCH_USER_PATHS = NO;
				CLANG_ANALYZER_NONNULL = YES;
				CLANG_ANALYZER_NUMBER_OBJECT_CONVERSION = YES_AGGRESSIVE;
				CLANG_CXX_LANGUAGE_STANDARD = "gnu++17";
				CLANG_ENABLE_MODULES = YES;
				CLANG_ENABLE_OBJC_ARC = YES;
				CLANG_ENABLE_OBJC_WEAK = YES;
				CLANG_WARN_BLOCK_CAPTURE_AUTORELEASING = YES;
				CLANG_WARN_BOOL_CONVERSION = YES;
				CLANG_WARN_COMMA = YES;
				CLANG_WARN_CONSTANT_CONVERSION = YES;
				CLANG_WARN_DEPRECATED_OBJC_IMPLEMENTATIONS = YES;
				CLANG_WARN_DIRECT_OBJC_ISA_USAGE = YES_ERROR;
				CLANG_WARN_DOCUMENTATION_COMMENTS = YES;
				CLANG_WARN_EMPTY_BODY = YES;
				CLANG_WARN_ENUM_CONVERSION = YES;
				CLANG_WARN_INFINITE_RECURSION = YES;
				CLANG_WARN_INT_CONVERSION = YES;
				CLANG_WARN_NON_LITERAL_NULL_CONVERSION = YES;
				CLANG_WARN_OBJC_IMPLICIT_RETAIN_SELF = YES;
				CLANG_WARN_OBJC_LITERAL_CONVERSION = YES;
				CLANG_WARN_OBJC_ROOT_CLASS = YES_ERROR;
				CLANG_WARN_QUOTED_INCLUDE_IN_FRAMEWORK_HEADER = YES;
				CLANG_WARN_RANGE_LOOP_ANALYSIS = YES;
				CLANG_WARN_STRICT_PROTOTYPES = YES;
				CLANG_WARN_SUSPICIOUS_MOVE = YES;
				CLANG_WARN_UNGUARDED_AVAILABILITY = YES_AGGRESSIVE;
				CLANG_WARN_UNREACHABLE_CODE = YES;
				CLANG_WARN__DUPLICATE_METHOD_MATCH = YES;
				COPY_PHASE_STRIP = NO;
				DEBUG_INFORMATION_FORMAT = dwarf;
				ENABLE_STRICT_OBJC_MSGSEND = YES;
				ENABLE_TESTABILITY = YES;
				GCC_C_LANGUAGE_STANDARD = gnu11;
				GCC_DYNAMIC_NO_PIC = NO;
				GCC_NO_COMMON_BLOCKS = YES;
				GCC_OPTIMIZATION_LEVEL = 0;
				GCC_PRECOMPILE_PREFIX_HEADER = NO;
				GCC_PREPROCESSOR_DEFINITIONS = (
					"DEBUG=1",
					"$(inherited)",
				);
				GCC_WARN_64_TO_32_BIT_CONVERSION = YES;
				GCC_WARN_ABOUT_RETURN_TYPE = YES_ERROR;
				GCC_WARN_UNDECLARED_SELECTOR = YES;
				GCC_WARN_UNINITIALIZED_AUTOS = YES_AGGRESSIVE;
				GCC_WARN_UNUSED_FUNCTION = YES;
				GCC_WARN_UNUSED_VARIABLE = YES;
				MTL_ENABLE_DEBUG_INFO = INCLUDE_SOURCE;
				MTL_FAST_MATH = YES;
				ONLY_ACTIVE_ARCH = YES;
				SWIFT_ACTIVE_COMPILATION_CONDITIONS = DEBUG;
				SWIFT_OBJC_BRIDGING_HEADER = Code/Common/Common.h;
				SWIFT_OPTIMIZATION_LEVEL = "-Onone";
			};
			name = Debug;
		};
		36A4D5052846B70C00AAFCDE /* Release */ = {
			isa = XCBuildConfiguration;
			buildSettings = {
				ALWAYS_SEARCH_USER_PATHS = NO;
				CLANG_ANALYZER_NONNULL = YES;
				CLANG_ANALYZER_NUMBER_OBJECT_CONVERSION = YES_AGGRESSIVE;
				CLANG_CXX_LANGUAGE_STANDARD = "gnu++17";
				CLANG_ENABLE_MODULES = YES;
				CLANG_ENABLE_OBJC_ARC = YES;
				CLANG_ENABLE_OBJC_WEAK = YES;
				CLANG_WARN_BLOCK_CAPTURE_AUTORELEASING = YES;
				CLANG_WARN_BOOL_CONVERSION = YES;
				CLANG_WARN_COMMA = YES;
				CLANG_WARN_CONSTANT_CONVERSION = YES;
				CLANG_WARN_DEPRECATED_OBJC_IMPLEMENTATIONS = YES;
				CLANG_WARN_DIRECT_OBJC_ISA_USAGE = YES_ERROR;
				CLANG_WARN_DOCUMENTATION_COMMENTS = YES;
				CLANG_WARN_EMPTY_BODY = YES;
				CLANG_WARN_ENUM_CONVERSION = YES;
				CLANG_WARN_INFINITE_RECURSION = YES;
				CLANG_WARN_INT_CONVERSION = YES;
				CLANG_WARN_NON_LITERAL_NULL_CONVERSION = YES;
				CLANG_WARN_OBJC_IMPLICIT_RETAIN_SELF = YES;
				CLANG_WARN_OBJC_LITERAL_CONVERSION = YES;
				CLANG_WARN_OBJC_ROOT_CLASS = YES_ERROR;
				CLANG_WARN_QUOTED_INCLUDE_IN_FRAMEWORK_HEADER = YES;
				CLANG_WARN_RANGE_LOOP_ANALYSIS = YES;
				CLANG_WARN_STRICT_PROTOTYPES = YES;
				CLANG_WARN_SUSPICIOUS_MOVE = YES;
				CLANG_WARN_UNGUARDED_AVAILABILITY = YES_AGGRESSIVE;
				CLANG_WARN_UNREACHABLE_CODE = YES;
				CLANG_WARN__DUPLICATE_METHOD_MATCH = YES;
				COPY_PHASE_STRIP = NO;
				DEBUG_INFORMATION_FORMAT = "dwarf-with-dsym";
				ENABLE_NS_ASSERTIONS = NO;
				ENABLE_STRICT_OBJC_MSGSEND = YES;
				GCC_C_LANGUAGE_STANDARD = gnu11;
				GCC_NO_COMMON_BLOCKS = YES;
				GCC_PRECOMPILE_PREFIX_HEADER = NO;
				GCC_WARN_64_TO_32_BIT_CONVERSION = YES;
				GCC_WARN_ABOUT_RETURN_TYPE = YES_ERROR;
				GCC_WARN_UNDECLARED_SELECTOR = YES;
				GCC_WARN_UNINITIALIZED_AUTOS = YES_AGGRESSIVE;
				GCC_WARN_UNUSED_FUNCTION = YES;
				GCC_WARN_UNUSED_VARIABLE = YES;
				MTL_ENABLE_DEBUG_INFO = NO;
				MTL_FAST_MATH = YES;
				SWIFT_COMPILATION_MODE = wholemodule;
				SWIFT_OBJC_BRIDGING_HEADER = Code/Common/Common.h;
				SWIFT_OPTIMIZATION_LEVEL = "-O";
			};
			name = Release;
		};
		36A4D5072846B70C00AAFCDE /* Debug */ = {
			isa = XCBuildConfiguration;
			buildSettings = {
				ASSETCATALOG_COMPILER_APPICON_NAME = AppIcon;
				ASSETCATALOG_COMPILER_GLOBAL_ACCENT_COLOR_NAME = AccentColor;
				CODE_SIGN_STYLE = Automatic;
				CURRENT_PROJECT_VERSION = 1;
				DEVELOPMENT_TEAM = PS683R9LN7;
				ENABLE_PREVIEWS = YES;
				GENERATE_INFOPLIST_FILE = YES;
				INFOPLIST_KEY_UIApplicationSceneManifest_Generation = YES;
				INFOPLIST_KEY_UIApplicationSupportsIndirectInputEvents = YES;
				INFOPLIST_KEY_UILaunchScreen_Generation = YES;
				INFOPLIST_KEY_UISupportedInterfaceOrientations_iPad = "UIInterfaceOrientationPortrait UIInterfaceOrientationPortraitUpsideDown UIInterfaceOrientationLandscapeLeft UIInterfaceOrientationLandscapeRight";
				INFOPLIST_KEY_UISupportedInterfaceOrientations_iPhone = "UIInterfaceOrientationPortrait UIInterfaceOrientationLandscapeLeft UIInterfaceOrientationLandscapeRight";
				IPHONEOS_DEPLOYMENT_TARGET = 15.5;
				LD_RUNPATH_SEARCH_PATHS = (
					"$(inherited)",
					"@executable_path/Frameworks",
				);
				MARKETING_VERSION = 1.0;
				PRODUCT_BUNDLE_IDENTIFIER = com.smialko.BayraktarEngine;
				PRODUCT_NAME = BayraktarEngine;
				SDKROOT = iphoneos;
				SWIFT_EMIT_LOC_STRINGS = YES;
				SWIFT_VERSION = 5.0;
				TARGETED_DEVICE_FAMILY = "1,2";
			};
			name = Debug;
		};
		36A4D5082846B70C00AAFCDE /* Release */ = {
			isa = XCBuildConfiguration;
			buildSettings = {
				ASSETCATALOG_COMPILER_APPICON_NAME = AppIcon;
				ASSETCATALOG_COMPILER_GLOBAL_ACCENT_COLOR_NAME = AccentColor;
				CODE_SIGN_STYLE = Automatic;
				CURRENT_PROJECT_VERSION = 1;
				DEVELOPMENT_TEAM = PS683R9LN7;
				ENABLE_PREVIEWS = YES;
				GENERATE_INFOPLIST_FILE = YES;
				INFOPLIST_KEY_UIApplicationSceneManifest_Generation = YES;
				INFOPLIST_KEY_UIApplicationSupportsIndirectInputEvents = YES;
				INFOPLIST_KEY_UILaunchScreen_Generation = YES;
				INFOPLIST_KEY_UISupportedInterfaceOrientations_iPad = "UIInterfaceOrientationPortrait UIInterfaceOrientationPortraitUpsideDown UIInterfaceOrientationLandscapeLeft UIInterfaceOrientationLandscapeRight";
				INFOPLIST_KEY_UISupportedInterfaceOrientations_iPhone = "UIInterfaceOrientationPortrait UIInterfaceOrientationLandscapeLeft UIInterfaceOrientationLandscapeRight";
				IPHONEOS_DEPLOYMENT_TARGET = 15.5;
				LD_RUNPATH_SEARCH_PATHS = (
					"$(inherited)",
					"@executable_path/Frameworks",
				);
				MARKETING_VERSION = 1.0;
				PRODUCT_BUNDLE_IDENTIFIER = com.smialko.BayraktarEngine;
				PRODUCT_NAME = BayraktarEngine;
				SDKROOT = iphoneos;
				SWIFT_EMIT_LOC_STRINGS = YES;
				SWIFT_VERSION = 5.0;
				TARGETED_DEVICE_FAMILY = "1,2";
				VALIDATE_PRODUCT = YES;
			};
			name = Release;
		};
		36A4D50A2846B70C00AAFCDE /* Debug */ = {
			isa = XCBuildConfiguration;
			buildSettings = {
				ASSETCATALOG_COMPILER_APPICON_NAME = AppIcon;
				ASSETCATALOG_COMPILER_GLOBAL_ACCENT_COLOR_NAME = AccentColor;
				CODE_SIGN_ENTITLEMENTS = Platform/macOS/macOS.entitlements;
				CODE_SIGN_STYLE = Automatic;
				COMBINE_HIDPI_IMAGES = YES;
				CURRENT_PROJECT_VERSION = 1;
				DEVELOPMENT_TEAM = PS683R9LN7;
				ENABLE_HARDENED_RUNTIME = YES;
				ENABLE_PREVIEWS = YES;
				GENERATE_INFOPLIST_FILE = YES;
				INFOPLIST_KEY_NSHumanReadableCopyright = "";
				LD_RUNPATH_SEARCH_PATHS = (
					"$(inherited)",
					"@executable_path/../Frameworks",
				);
				MACOSX_DEPLOYMENT_TARGET = 12.3;
				MARKETING_VERSION = 1.0;
				PRODUCT_BUNDLE_IDENTIFIER = com.smialko.BayraktarEngine;
				PRODUCT_NAME = BayraktarEngine;
				SDKROOT = macosx;
				SWIFT_EMIT_LOC_STRINGS = YES;
				SWIFT_VERSION = 5.0;
			};
			name = Debug;
		};
		36A4D50B2846B70C00AAFCDE /* Release */ = {
			isa = XCBuildConfiguration;
			buildSettings = {
				ASSETCATALOG_COMPILER_APPICON_NAME = AppIcon;
				ASSETCATALOG_COMPILER_GLOBAL_ACCENT_COLOR_NAME = AccentColor;
				CODE_SIGN_ENTITLEMENTS = Platform/macOS/macOS.entitlements;
				CODE_SIGN_STYLE = Automatic;
				COMBINE_HIDPI_IMAGES = YES;
				CURRENT_PROJECT_VERSION = 1;
				DEVELOPMENT_TEAM = PS683R9LN7;
				ENABLE_HARDENED_RUNTIME = YES;
				ENABLE_PREVIEWS = YES;
				GENERATE_INFOPLIST_FILE = YES;
				INFOPLIST_KEY_NSHumanReadableCopyright = "";
				LD_RUNPATH_SEARCH_PATHS = (
					"$(inherited)",
					"@executable_path/../Frameworks",
				);
				MACOSX_DEPLOYMENT_TARGET = 12.3;
				MARKETING_VERSION = 1.0;
				PRODUCT_BUNDLE_IDENTIFIER = com.smialko.BayraktarEngine;
				PRODUCT_NAME = BayraktarEngine;
				SDKROOT = macosx;
				SWIFT_EMIT_LOC_STRINGS = YES;
				SWIFT_VERSION = 5.0;
			};
			name = Release;
		};
/* End XCBuildConfiguration section */

/* Begin XCConfigurationList section */
		36A4D4EC2846B70900AAFCDE /* Build configuration list for PBXProject "BayraktarEngine" */ = {
			isa = XCConfigurationList;
			buildConfigurations = (
				36A4D5042846B70C00AAFCDE /* Debug */,
				36A4D5052846B70C00AAFCDE /* Release */,
			);
			defaultConfigurationIsVisible = 0;
			defaultConfigurationName = Release;
		};
		36A4D5062846B70C00AAFCDE /* Build configuration list for PBXNativeTarget "BayraktarEngine (iOS)" */ = {
			isa = XCConfigurationList;
			buildConfigurations = (
				36A4D5072846B70C00AAFCDE /* Debug */,
				36A4D5082846B70C00AAFCDE /* Release */,
			);
			defaultConfigurationIsVisible = 0;
			defaultConfigurationName = Release;
		};
		36A4D5092846B70C00AAFCDE /* Build configuration list for PBXNativeTarget "BayraktarEngine (macOS)" */ = {
			isa = XCConfigurationList;
			buildConfigurations = (
				36A4D50A2846B70C00AAFCDE /* Debug */,
				36A4D50B2846B70C00AAFCDE /* Release */,
			);
			defaultConfigurationIsVisible = 0;
			defaultConfigurationName = Release;
		};
/* End XCConfigurationList section */
	};
	rootObject = 36A4D4E92846B70900AAFCDE /* Project object */;
}
